{
  "name": "prefab-monorepo",
  "version": "1.0.0",
  "lockfileVersion": 3,
  "requires": true,
  "packages": {
    "": {
      "name": "prefab-monorepo",
      "version": "1.0.0",
      "dependencies": {
        "babel-plugin-module-resolver": "^5.0.2",
        "react": "^18.3.1",
        "react-dom": "^18.3.1",
        "zustand": "^3.7.2"
      },
      "engines": {
        "node": "18.x",
        "npm": "10.x"
      }
    },
    "node_modules/babel-plugin-module-resolver": {
      "version": "5.0.2",
      "resolved": "https://registry.npmjs.org/babel-plugin-module-resolver/-/babel-plugin-module-resolver-5.0.2.tgz",
      "integrity": "sha512-9KtaCazHee2xc0ibfqsDeamwDps6FZNo5S0Q81dUqEuFzVwPhcT4J5jOqIVvgCA3Q/wO9hKYxN/Ds3tIsp5ygg==",
      "license": "MIT",
      "dependencies": {
        "find-babel-config": "^2.1.1",
        "glob": "^9.3.3",
        "pkg-up": "^3.1.0",
        "reselect": "^4.1.7",
        "resolve": "^1.22.8"
      }
    },
    "node_modules/babel-plugin-module-resolver/node_modules/brace-expansion": {
      "version": "2.0.1",
      "resolved": "https://registry.npmjs.org/brace-expansion/-/brace-expansion-2.0.1.tgz",
      "integrity": "sha512-XnAIvQ8eM+kC6aULx6wuQiwVsnzsi9d3WxzV3FpWTGA19F621kwdbsAcFKXgKUHZWsy+mY6iL1sHTxWEFCytDA==",
      "license": "MIT",
      "dependencies": {
        "balanced-match": "^1.0.0"
      }
    },
    "node_modules/babel-plugin-module-resolver/node_modules/glob": {
      "version": "9.3.5",
      "resolved": "https://registry.npmjs.org/glob/-/glob-9.3.5.tgz",
      "integrity": "sha512-e1LleDykUz2Iu+MTYdkSsuWX8lvAjAcs0Xef0lNIu0S2wOAzuTxCJtcd9S3cijlwYF18EsU3rzb8jPVobxDh9Q==",
      "license": "ISC",
      "dependencies": {
        "fs.realpath": "^1.0.0",
        "minimatch": "^8.0.2",
        "minipass": "^4.2.4",
        "path-scurry": "^1.6.1"
      },
      "engines": {
        "node": ">=16 || 14 >=14.17"
      },
      "funding": {
        "url": "https://github.com/sponsors/isaacs"
      }
    },
    "node_modules/babel-plugin-module-resolver/node_modules/minimatch": {
      "version": "8.0.4",
      "resolved": "https://registry.npmjs.org/minimatch/-/minimatch-8.0.4.tgz",
      "integrity": "sha512-W0Wvr9HyFXZRGIDgCicunpQ299OKXs9RgZfaukz4qAW/pJhcpUfupc9c+OObPOFueNy8VSrZgEmDtk6Kh4WzDA==",
      "license": "ISC",
      "dependencies": {
        "brace-expansion": "^2.0.1"
      },
      "engines": {
        "node": ">=16 || 14 >=14.17"
      },
      "funding": {
        "url": "https://github.com/sponsors/isaacs"
      }
    },
    "node_modules/babel-plugin-module-resolver/node_modules/minipass": {
      "version": "4.2.8",
      "resolved": "https://registry.npmjs.org/minipass/-/minipass-4.2.8.tgz",
      "integrity": "sha512-fNzuVyifolSLFL4NzpF+wEF4qrgqaaKX0haXPQEdQ7NKAN+WecoKMHV09YcuL/DHxrUsYQOK3MiuDf7Ip2OXfQ==",
      "license": "ISC",
      "engines": {
        "node": ">=8"
      }
    },
    "node_modules/balanced-match": {
      "version": "1.0.2",
      "resolved": "https://registry.npmjs.org/balanced-match/-/balanced-match-1.0.2.tgz",
      "integrity": "sha512-3oSeUO0TMV67hN1AmbXsK4yaqU7tjiHlbxRDZOpH0KW9+CeX4bRAaX0Anxt0tx2MrpRpWwQaPwIlISEJhYU5Pw==",
      "license": "MIT"
    },
    "node_modules/find-babel-config": {
      "version": "2.1.2",
      "resolved": "https://registry.npmjs.org/find-babel-config/-/find-babel-config-2.1.2.tgz",
      "integrity": "sha512-ZfZp1rQyp4gyuxqt1ZqjFGVeVBvmpURMqdIWXbPRfB97Bf6BzdK/xSIbylEINzQ0kB5tlDQfn9HkNXXWsqTqLg==",
      "license": "MIT",
      "dependencies": {
        "json5": "^2.2.3"
      }
    },
    "node_modules/fs.realpath": {
      "version": "1.0.0",
      "resolved": "https://registry.npmjs.org/fs.realpath/-/fs.realpath-1.0.0.tgz",
      "integrity": "sha512-OO0pH2lK6a0hZnAdau5ItzHPI6pUlvI7jMVnxUQRtw4owF2wk8lOSabtGDCTP4Ggrg2MbGnWO9X8K1t4+fGMDw==",
      "license": "ISC"
    },
    "node_modules/function-bind": {
      "version": "1.1.2",
      "resolved": "https://registry.npmjs.org/function-bind/-/function-bind-1.1.2.tgz",
      "integrity": "sha512-7XHNxH7qX9xG5mIwxkhumTox/MIRNcOgDrxWsMt2pAr23WHp6MrRlN7FBSFpCpr+oVO0F744iUgR82nJMfG2SA==",
      "license": "MIT",
      "funding": {
        "url": "https://github.com/sponsors/ljharb"
      }
    },
    "node_modules/hasown": {
      "version": "2.0.2",
      "resolved": "https://registry.npmjs.org/hasown/-/hasown-2.0.2.tgz",
      "integrity": "sha512-0hJU9SCPvmMzIBdZFqNPXWa6dqh7WdH0cII9y+CyS8rG3nL48Bclra9HmKhVVUHyPWNH5Y7xDwAB7bfgSjkUMQ==",
      "license": "MIT",
      "dependencies": {
        "function-bind": "^1.1.2"
      },
      "engines": {
        "node": ">= 0.4"
      }
    },
    "node_modules/is-core-module": {
      "version": "2.16.1",
      "resolved": "https://registry.npmjs.org/is-core-module/-/is-core-module-2.16.1.tgz",
      "integrity": "sha512-UfoeMA6fIJ8wTYFEUjelnaGI67v6+N7qXJEvQuIGa99l4xsCruSYOVSQ0uPANn4dAzm8lkYPaKLrrijLq7x23w==",
      "license": "MIT",
      "dependencies": {
        "hasown": "^2.0.2"
      },
      "engines": {
        "node": ">= 0.4"
      },
      "funding": {
        "url": "https://github.com/sponsors/ljharb"
      }
    },
    "node_modules/js-tokens": {
      "version": "4.0.0",
      "resolved": "https://registry.npmjs.org/js-tokens/-/js-tokens-4.0.0.tgz",
      "integrity": "sha512-RdJUflcE3cUzKiMqQgsCu06FPu9UdIJO0beYbPhHN4k6apgJtifcoCtT9bcxOpYBtpD2kCM6Sbzg4CausW/PKQ==",
      "license": "MIT"
    },
    "node_modules/json5": {
      "version": "2.2.3",
      "resolved": "https://registry.npmjs.org/json5/-/json5-2.2.3.tgz",
      "integrity": "sha512-XmOWe7eyHYH14cLdVPoyg+GOH3rYX++KpzrylJwSW98t3Nk+U8XOl8FWKOgwtzdb8lXGf6zYwDUzeHMWfxasyg==",
      "license": "MIT",
      "bin": {
        "json5": "lib/cli.js"
      },
      "engines": {
        "node": ">=6"
      }
    },
    "node_modules/loose-envify": {
      "version": "1.4.0",
      "resolved": "https://registry.npmjs.org/loose-envify/-/loose-envify-1.4.0.tgz",
      "integrity": "sha512-lyuxPGr/Wfhrlem2CL/UcnUc1zcqKAImBDzukY7Y5F/yQiNdko6+fRLevlw1HgMySw7f611UIY408EtxRSoK3Q==",
      "license": "MIT",
      "dependencies": {
        "js-tokens": "^3.0.0 || ^4.0.0"
      },
      "bin": {
        "loose-envify": "cli.js"
      }
    },
    "node_modules/minipass": {
      "version": "7.1.2",
      "resolved": "https://registry.npmjs.org/minipass/-/minipass-7.1.2.tgz",
      "integrity": "sha512-qOOzS1cBTWYF4BH8fVePDBOO9iptMnGUEZwNc/cMWnTV2nVLZ7VoNWEPHkYczZA0pdoA7dl6e7FL659nX9S2aw==",
      "license": "ISC",
      "engines": {
        "node": ">=16 || 14 >=14.17"
      }
    },
    "node_modules/p-try": {
      "version": "2.2.0",
      "resolved": "https://registry.npmjs.org/p-try/-/p-try-2.2.0.tgz",
      "integrity": "sha512-R4nPAVTAU0B9D35/Gk3uJf/7XYbQcyohSKdvAxIRSNghFl4e71hVoGnBNQz9cWaXxO2I10KTC+3jMdvvoKw6dQ==",
      "license": "MIT",
      "engines": {
        "node": ">=6"
      }
    },
    "node_modules/path-parse": {
      "version": "1.0.7",
      "resolved": "https://registry.npmjs.org/path-parse/-/path-parse-1.0.7.tgz",
      "integrity": "sha512-LDJzPVEEEPR+y48z93A0Ed0yXb8pAByGWo/k5YYdYgpY2/2EsOsksJrq7lOHxryrVOn1ejG6oAp8ahvOIQD8sw==",
      "license": "MIT"
    },
    "node_modules/path-scurry": {
      "version": "1.11.1",
      "resolved": "https://registry.npmjs.org/path-scurry/-/path-scurry-1.11.1.tgz",
      "integrity": "sha512-Xa4Nw17FS9ApQFJ9umLiJS4orGjm7ZzwUrwamcGQuHSzDyth9boKDaycYdDcZDuqYATXw4HFXgaqWTctW/v1HA==",
      "license": "BlueOak-1.0.0",
      "dependencies": {
        "lru-cache": "^10.2.0",
        "minipass": "^5.0.0 || ^6.0.2 || ^7.0.0"
      },
      "engines": {
        "node": ">=16 || 14 >=14.18"
      },
      "funding": {
        "url": "https://github.com/sponsors/isaacs"
      }
    },
    "node_modules/path-scurry/node_modules/lru-cache": {
      "version": "10.4.3",
      "resolved": "https://registry.npmjs.org/lru-cache/-/lru-cache-10.4.3.tgz",
      "integrity": "sha512-JNAzZcXrCt42VGLuYz0zfAzDfAvJWW6AfYlDBQyDV5DClI2m5sAmK+OIO7s59XfsRsWHp02jAJrRadPRGTt6SQ==",
      "license": "ISC"
    },
    "node_modules/pkg-up": {
      "version": "3.1.0",
      "resolved": "https://registry.npmjs.org/pkg-up/-/pkg-up-3.1.0.tgz",
      "integrity": "sha512-nDywThFk1i4BQK4twPQ6TA4RT8bDY96yeuCVBWL3ePARCiEKDRSrNGbFIgUJpLp+XeIR65v8ra7WuJOFUBtkMA==",
      "license": "MIT",
      "dependencies": {
        "find-up": "^3.0.0"
      },
      "engines": {
        "node": ">=8"
      }
    },
    "node_modules/pkg-up/node_modules/find-up": {
      "version": "3.0.0",
      "resolved": "https://registry.npmjs.org/find-up/-/find-up-3.0.0.tgz",
      "integrity": "sha512-1yD6RmLI1XBfxugvORwlck6f75tYL+iR0jqwsOrOxMZyGYqUuDhJ0l4AXdO1iX/FTs9cBAMEk1gWSEx1kSbylg==",
      "license": "MIT",
      "dependencies": {
        "locate-path": "^3.0.0"
      },
      "engines": {
        "node": ">=6"
      }
    },
    "node_modules/pkg-up/node_modules/locate-path": {
      "version": "3.0.0",
      "resolved": "https://registry.npmjs.org/locate-path/-/locate-path-3.0.0.tgz",
      "integrity": "sha512-7AO748wWnIhNqAuaty2ZWHkQHRSNfPVIsPIfwEOWO22AmaoVrWavlOcMR5nzTLNYvp36X220/maaRsrec1G65A==",
      "license": "MIT",
      "dependencies": {
        "p-locate": "^3.0.0",
        "path-exists": "^3.0.0"
      },
      "engines": {
        "node": ">=6"
      }
    },
    "node_modules/pkg-up/node_modules/p-limit": {
      "version": "2.3.0",
      "resolved": "https://registry.npmjs.org/p-limit/-/p-limit-2.3.0.tgz",
      "integrity": "sha512-//88mFWSJx8lxCzwdAABTJL2MyWB12+eIY7MDL2SqLmAkeKU9qxRvWuSyTjm3FUmpBEMuFfckAIqEaVGUDxb6w==",
      "license": "MIT",
      "dependencies": {
        "p-try": "^2.0.0"
      },
      "engines": {
        "node": ">=6"
      },
      "funding": {
        "url": "https://github.com/sponsors/sindresorhus"
      }
    },
    "node_modules/pkg-up/node_modules/p-locate": {
      "version": "3.0.0",
      "resolved": "https://registry.npmjs.org/p-locate/-/p-locate-3.0.0.tgz",
      "integrity": "sha512-x+12w/To+4GFfgJhBEpiDcLozRJGegY+Ei7/z0tSLkMmxGZNybVMSfWj9aJn8Z5Fc7dBUNJOOVgPv2H7IwulSQ==",
      "license": "MIT",
      "dependencies": {
        "p-limit": "^2.0.0"
      },
      "engines": {
        "node": ">=6"
      }
    },
    "node_modules/pkg-up/node_modules/path-exists": {
      "version": "3.0.0",
      "resolved": "https://registry.npmjs.org/path-exists/-/path-exists-3.0.0.tgz",
      "integrity": "sha512-bpC7GYwiDYQ4wYLe+FA8lhRjhQCMcQGuSgGGqDkg/QerRWw9CmGRT0iSOVRSZJ29NMLZgIzqaljJ63oaL4NIJQ==",
      "license": "MIT",
      "engines": {
        "node": ">=4"
      }
    },
    "node_modules/react": {
      "version": "18.3.1",
      "resolved": "https://registry.npmjs.org/react/-/react-18.3.1.tgz",
      "integrity": "sha512-wS+hAgJShR0KhEvPJArfuPVN1+Hz1t0Y6n5jLrGQbkb4urgPE/0Rve+1kMB1v/oWgHgm4WIcV+i7F2pTVj+2iQ==",
      "license": "MIT",
      "dependencies": {
        "loose-envify": "^1.1.0"
      },
      "engines": {
        "node": ">=0.10.0"
      }
    },
    "node_modules/react-dom": {
      "version": "18.3.1",
      "resolved": "https://registry.npmjs.org/react-dom/-/react-dom-18.3.1.tgz",
      "integrity": "sha512-5m4nQKp+rZRb09LNH59GM4BxTh9251/ylbKIbpe7TpGxfJ+9kv6BLkLBXIjjspbgbnIBNqlI23tRnTWT0snUIw==",
      "license": "MIT",
      "dependencies": {
        "loose-envify": "^1.1.0",
        "scheduler": "^0.23.2"
      },
      "peerDependencies": {
        "react": "^18.3.1"
      }
    },
    "node_modules/reselect": {
      "version": "4.1.8",
      "resolved": "https://registry.npmjs.org/reselect/-/reselect-4.1.8.tgz",
      "integrity": "sha512-ab9EmR80F/zQTMNeneUr4cv+jSwPJgIlvEmVwLerwrWVbpLlBuls9XHzIeTFy4cegU2NHBp3va0LKOzU5qFEYQ==",
      "license": "MIT"
    },
    "node_modules/resolve": {
      "version": "1.22.10",
      "resolved": "https://registry.npmjs.org/resolve/-/resolve-1.22.10.tgz",
      "integrity": "sha512-NPRy+/ncIMeDlTAsuqwKIiferiawhefFJtkNSW0qZJEqMEb+qBt/77B/jGeeek+F0uOeN05CDa6HXbbIgtVX4w==",
      "license": "MIT",
      "dependencies": {
        "is-core-module": "^2.16.0",
        "path-parse": "^1.0.7",
        "supports-preserve-symlinks-flag": "^1.0.0"
      },
      "bin": {
        "resolve": "bin/resolve"
      },
      "engines": {
        "node": ">= 0.4"
      },
      "funding": {
        "url": "https://github.com/sponsors/ljharb"
      }
    },
    "node_modules/scheduler": {
      "version": "0.23.2",
      "resolved": "https://registry.npmjs.org/scheduler/-/scheduler-0.23.2.tgz",
      "integrity": "sha512-UOShsPwz7NrMUqhR6t0hWjFduvOzbtv7toDH1/hIrfRNIDBnnBWd0CwJTGvTpngVlmwGCdP9/Zl/tVrDqcuYzQ==",
      "license": "MIT",
      "dependencies": {
        "loose-envify": "^1.1.0"
      }
    },
    "node_modules/supports-preserve-symlinks-flag": {
      "version": "1.0.0",
      "resolved": "https://registry.npmjs.org/supports-preserve-symlinks-flag/-/supports-preserve-symlinks-flag-1.0.0.tgz",
      "integrity": "sha512-ot0WnXS9fgdkgIcePe6RHNk1WA8+muPa6cSjeR3V8K27q9BB1rTE3R1p7Hv0z1ZyAc8s6Vvv8DIyWf681MAt0w==",
      "license": "MIT",
      "engines": {
        "node": ">= 0.4"
      },
      "funding": {
        "url": "https://github.com/sponsors/ljharb"
      }
    },
    "node_modules/zustand": {
      "version": "3.7.2",
      "resolved": "https://registry.npmjs.org/zustand/-/zustand-3.7.2.tgz",
      "integrity": "sha512-PIJDIZKtokhof+9+60cpockVOq05sJzHCriyvaLBmEJixseQ1a5Kdov6fWZfWOu5SK9c+FhH1jU0tntLxRJYMA==",
      "license": "MIT",
      "engines": {
        "node": ">=12.7.0"
      },
      "peerDependencies": {
        "react": ">=16.8"
      },
      "peerDependenciesMeta": {
        "react": {
          "optional": true
        }
      }
    },
    "src/api": {
      "version": "1.0.0",
      "extraneous": true,
      "hasInstallScript": true,
      "license": "ISC",
      "dependencies": {
        "@aws-sdk/client-s3": "^3.369.0",
        "@aws-sdk/lib-storage": "^3.369.0",
        "@aws-sdk/s3-request-presigner": "^3.369.0",
        "@supabase/supabase-js": "^2.39.3",
        "@types/express-jwt": "^6.0.4",
        "@types/pg": "^8.11.10",
        "api": "file:",
        "cors": "^2.8.5",
        "dotenv": "^16.4.7",
        "express": "^4.21.2",
        "express-oauth2-jwt-bearer": "^1.6.1",
        "express-rate-limit": "^7.5.0",
        "pg": "^8.13.1",
        "stripe": "^17.7.0",
        "uuid": "^11.1.0"
      },
      "devDependencies": {
        "@types/cors": "^2.8.17",
        "@types/express": "^4.17.21",
        "@types/pg": "^8.11.10",
        "@types/uuid": "^9.0.8",
        "nodemon": "^3.1.0",
        "ts-node": "^10.9.2",
        "typescript": "^5.7.2"
      },
      "engines": {
        "node": "18.x"
      }
    },
    "src/apps/design": {
      "version": "1.0.0",
      "extraneous": true,
      "hasInstallScript": true,
      "dependencies": {
        "@auth0/auth0-react": "^2.2.4",
        "@aws-sdk/client-s3": "^3.369.0",
        "@aws-sdk/s3-request-presigner": "^3.369.0",
        "@babel/core": "^7.25.8",
        "@babel/preset-env": "^7.25.8",
        "@babel/preset-react": "^7.25.7",
        "@babel/preset-typescript": "^7.25.8",
        "@emotion/react": "^11.11.0",
        "@emotion/styled": "^11.11.0",
        "@mantine/core": "^7.1.0",
        "@mantine/form": "^7.1.0",
        "@mantine/hooks": "^7.1.0",
        "@mantine/notifications": "^7.1.0",
        "@mui/material": "^5.15.13",
        "@react-three/drei": "^9.102.5",
        "@react-three/fiber": "^8.16.0",
        "@shapediver/viewer": "3.3.10",
        "@shapediver/viewer.features.attribute-visualization": "3.3.10",
        "@stripe/stripe-js": "^5.5.0",
        "@supabase/supabase-js": "^2.47.12",
        "@tabler/icons-react": "^2.30.0",
        "@types/jest": "^29.5.14",
        "@types/node": "^22.13.10",
        "@types/react": "^18.2.0",
        "@types/react-dom": "^18.2.0",
        "@types/three": "^0.169.0",
        "autoprefixer": "^10.4.20",
        "axios": "^1.6.8",
        "babel-loader": "^9.2.1",
        "clean-webpack-plugin": "^4.0.0",
        "compression": "^1.7.4",
        "compression-webpack-plugin": "^10.0.0",
        "copy-webpack-plugin": "^12.0.2",
        "cors": "^2.8.5",
        "css-loader": "^7.1.2",
        "dotenv": "^16.4.5",
        "express": "^4.19.2",
        "express-rate-limit": "^7.5.0",
        "file-loader": "^6.2.0",
        "helmet": "^7.1.0",
        "html-webpack-plugin": "^5.6.0",
        "postcss": "^8.5.3",
        "postcss-loader": "^8.1.1",
        "react": "^18.2.0",
        "react-colorful": "^5.6.1",
        "react-dom": "^18.2.0",
        "react-error-boundary": "^5.0.0",
        "react-hot-toast": "^2.4.1",
        "react-router-dom": "^6.22.3",
        "style-loader": "^4.0.0",
        "tailwindcss": "^3.4.17",
        "three": "^0.162.0",
        "three-mesh-bvh": "^0.7.0",
        "ts-loader": "^9.5.1",
        "typescript": "^5.7.2",
        "uuid": "^9.0.1",
        "webpack": "^5.95.0",
        "webpack-bundle-analyzer": "^4.10.1",
        "webpack-cli": "^5.1.4",
        "webpack-dev-server": "^5.1.0"
      },
      "devDependencies": {},
      "engines": {
        "node": "18.x",
        "npm": "10.x"
      }
    },
    "src/apps/marketplace": {
      "version": "1.0.0",
      "extraneous": true,
      "dependencies": {
        "@auth0/auth0-react": "^2.2.4",
        "@aws-sdk/client-s3": "^3.369.0",
        "@aws-sdk/s3-request-presigner": "^3.369.0",
        "@emotion/react": "^11.13.3",
        "@emotion/styled": "^11.11.0",
        "@mantine/core": "^7.1.0",
        "@mantine/form": "^7.1.0",
        "@mantine/hooks": "^7.1.0",
        "@mantine/notifications": "^7.1.0",
        "@react-three/drei": "^9.102.6",
        "@react-three/fiber": "^8.15.7",
        "@stripe/stripe-js": "^5.5.0",
        "@supabase/supabase-js": "^2.47.12",
        "@tabler/icons-react": "^2.30.0",
        "axios": "^1.7.7",
        "clean-webpack-plugin": "^4.0.0",
        "compression": "^1.7.4",
        "compression-webpack-plugin": "^10.0.0",
        "copy-webpack-plugin": "^12.0.2",
        "cors": "^2.8.5",
        "dotenv": "^16.4.5",
        "express": "^4.18.2",
        "express-rate-limit": "^7.5.0",
        "helmet": "^7.1.0",
        "lodash": "^4.17.21",
        "react": "^18.2.0",
        "react-dom": "^18.2.0",
        "react-error-boundary": "^5.0.0",
        "react-hot-toast": "^2.4.1",
        "react-router-dom": "^6.27.0",
        "three": "^0.162.0",
        "three-mesh-bvh": "^0.7.0",
        "uuid": "^11.1.0",
        "webpack-bundle-analyzer": "^4.10.1"
      },
      "devDependencies": {
        "@babel/core": "^7.25.8",
        "@babel/preset-env": "^7.25.8",
        "@babel/preset-react": "^7.25.7",
        "@babel/preset-typescript": "^7.25.8",
        "@types/jest": "^29.5.14",
        "@types/node": "^22.13.10",
        "@types/react": "^18.2.0",
        "@types/react-dom": "^18.2.0",
        "autoprefixer": "^10.4.20",
        "babel-loader": "^9.2.1",
        "css-loader": "^7.1.2",
        "file-loader": "^6.2.0",
        "html-webpack-plugin": "^5.6.0",
        "postcss": "^8.5.3",
        "postcss-loader": "^8.1.1",
        "style-loader": "^4.0.0",
        "tailwindcss": "^3.4.17",
        "ts-loader": "^9.5.1",
        "typescript": "^5.7.2",
        "webpack": "^5.95.0",
        "webpack-cli": "^5.1.4",
        "webpack-dev-server": "^5.1.0"
      },
      "engines": {
        "node": "18.x",
        "npm": "10.x"
      }
    },
    "src/shared": {
      "name": "@bazaar/shared",
      "version": "1.0.0",
      "extraneous": true,
      "dependencies": {
        "@auth0/auth0-react": "^2.2.4",
        "@aws-sdk/client-s3": "^3.758.0",
        "@aws-sdk/s3-request-presigner": "^3.758.0",
        "@emotion/styled": "^11.11.0",
        "axios": "^1.7.7",
        "react": "^18.2.0",
        "react-dom": "^18.2.0",
        "react-error-boundary": "^5.0.0",
        "react-router-dom": "^6.27.0"
      },
      "devDependencies": {
        "@types/react": "^18.2.0",
        "@types/react-dom": "^18.2.0"
      }
    }
  }
}
